
Microsoft Visual Studio Solution File, Format Version 12.00
# Visual Studio 15
VisualStudioVersion = 15.0.28307.1267
MinimumVisualStudioVersion = 10.0.40219.1
Project("{FAE04EC0-301F-11D3-BF4B-00C04F79EFBC}") = "motorHGUI", "motorHGUI\motorHGUI.csproj", "{B0DBD129-FBF6-48DB-B3E1-695C3E0C0323}"
EndProject
Global
	GlobalSection(SolutionConfigurationPlatforms) = preSolution
		Debug|Any CPU = Debug|Any CPU
		Release|Any CPU = Release|Any CPU
	EndGlobalSection
	GlobalSection(ProjectConfigurationPlatforms) = postSolution
		{B0DBD129-FBF6-48DB-B3E1-695C3E0C0323}.Debug|Any CPU.ActiveCfg = Debug|Any CPU
		{B0DBD129-FBF6-48DB-B3E1-695C3E0C0323}.Debug|Any CPU.Build.0 = Debug|Any CPU
		{B0DBD129-FBF6-48DB-B3E1-695C3E0C0323}.Release|Any CPU.ActiveCfg = Release|Any CPU
		{B0DBD129-FBF6-48DB-B3E1-695C3E0C0323}.Release|Any CPU.Build.0 = Release|Any CPU
	EndGlobalSection
	GlobalSection(SolutionProperties) = preSolution
		HideSolutionNode = FALSE
	EndGlobalSection
	GlobalSection(ExtensibilityGlobals) = postSolution
		SolutionGuid = {29E58A0B-145A-445D-9A7D-9869C557437C}
	EndGlobalSection
EndGlobal
